// !$*UTF8*$!
{
	archiveVersion = 1;
	classes = {
	};
	objectVersion = 50;
	objects = {

/* Begin PBXBuildFile section */
		5B80F569263695BA00650A11 /* APIMethods.swift in Sources */ = {isa = PBXBuildFile; fileRef = 5B80F568263695BA00650A11 /* APIMethods.swift */; };
		5B80F56D263695C500650A11 /* APIPaths.swift in Sources */ = {isa = PBXBuildFile; fileRef = 5B80F56C263695C500650A11 /* APIPaths.swift */; };
		5B80F570263695D800650A11 /* APIRequest.swift in Sources */ = {isa = PBXBuildFile; fileRef = 5B80F56F263695D800650A11 /* APIRequest.swift */; };
		5B80F5752636965B00650A11 /* NetworkService.swift in Sources */ = {isa = PBXBuildFile; fileRef = 5B80F5742636965B00650A11 /* NetworkService.swift */; };
		5B80F57B26369A9100650A11 /* PhotoListRequest.swift in Sources */ = {isa = PBXBuildFile; fileRef = 5B80F57A26369A9100650A11 /* PhotoListRequest.swift */; };
		5B80F57F26369AA200650A11 /* PhotoListResponse.swift in Sources */ = {isa = PBXBuildFile; fileRef = 5B80F57E26369AA200650A11 /* PhotoListResponse.swift */; };
		5B80F58726369E9C00650A11 /* Photo.swift in Sources */ = {isa = PBXBuildFile; fileRef = 5B80F58626369E9C00650A11 /* Photo.swift */; };
		5B80F58E2636A17D00650A11 /* RemoteDataManagerProtocol.swift in Sources */ = {isa = PBXBuildFile; fileRef = 5B80F58D2636A17D00650A11 /* RemoteDataManagerProtocol.swift */; };
		5B80F5922636A19300650A11 /* RemoteDataManagerImpl.swift in Sources */ = {isa = PBXBuildFile; fileRef = 5B80F5912636A19300650A11 /* RemoteDataManagerImpl.swift */; };
		5B80F5972636A5E300650A11 /* MainDataManager.swift in Sources */ = {isa = PBXBuildFile; fileRef = 5B80F5962636A5E300650A11 /* MainDataManager.swift */; };
		5B80F59A2636A61A00650A11 /* PhotoDataManagerProtocol.swift in Sources */ = {isa = PBXBuildFile; fileRef = 5B80F5992636A61A00650A11 /* PhotoDataManagerProtocol.swift */; };
		5B80F59D2636A69300650A11 /* ImageDownloadService.swift in Sources */ = {isa = PBXBuildFile; fileRef = 5B80F59C2636A69300650A11 /* ImageDownloadService.swift */; };
		5BDA2E3126368D77009E6AD3 /* AppDelegate.swift in Sources */ = {isa = PBXBuildFile; fileRef = 5BDA2E3026368D77009E6AD3 /* AppDelegate.swift */; };
		5BDA2E3326368D77009E6AD3 /* SceneDelegate.swift in Sources */ = {isa = PBXBuildFile; fileRef = 5BDA2E3226368D77009E6AD3 /* SceneDelegate.swift */; };
		5BDA2E3526368D77009E6AD3 /* ViewController.swift in Sources */ = {isa = PBXBuildFile; fileRef = 5BDA2E3426368D77009E6AD3 /* ViewController.swift */; };
		5BDA2E3A26368D79009E6AD3 /* Assets.xcassets in Resources */ = {isa = PBXBuildFile; fileRef = 5BDA2E3926368D79009E6AD3 /* Assets.xcassets */; };
		5BDA2E3D26368D79009E6AD3 /* LaunchScreen.storyboard in Resources */ = {isa = PBXBuildFile; fileRef = 5BDA2E3B26368D79009E6AD3 /* LaunchScreen.storyboard */; };
		5BDA2E4D26368E3B009E6AD3 /* YOLOv3.mlkitmodel in Sources */ = {isa = PBXBuildFile; fileRef = 5BDA2E4C26368E3B009E6AD3 /* YOLOv3.mlkitmodel */; };
/* End PBXBuildFile section */

/* Begin PBXFileReference section */
		5B80F568263695BA00650A11 /* APIMethods.swift */ = {isa = PBXFileReference; lastKnownFileType = sourcecode.swift; path = APIMethods.swift; sourceTree = "<group>"; };
		5B80F56C263695C500650A11 /* APIPaths.swift */ = {isa = PBXFileReference; lastKnownFileType = sourcecode.swift; path = APIPaths.swift; sourceTree = "<group>"; };
		5B80F56F263695D800650A11 /* APIRequest.swift */ = {isa = PBXFileReference; lastKnownFileType = sourcecode.swift; path = APIRequest.swift; sourceTree = "<group>"; };
		5B80F5742636965B00650A11 /* NetworkService.swift */ = {isa = PBXFileReference; lastKnownFileType = sourcecode.swift; path = NetworkService.swift; sourceTree = "<group>"; };
		5B80F57A26369A9100650A11 /* PhotoListRequest.swift */ = {isa = PBXFileReference; lastKnownFileType = sourcecode.swift; path = PhotoListRequest.swift; sourceTree = "<group>"; };
		5B80F57E26369AA200650A11 /* PhotoListResponse.swift */ = {isa = PBXFileReference; lastKnownFileType = sourcecode.swift; path = PhotoListResponse.swift; sourceTree = "<group>"; };
		5B80F58626369E9C00650A11 /* Photo.swift */ = {isa = PBXFileReference; lastKnownFileType = sourcecode.swift; path = Photo.swift; sourceTree = "<group>"; };
		5B80F58D2636A17D00650A11 /* RemoteDataManagerProtocol.swift */ = {isa = PBXFileReference; lastKnownFileType = sourcecode.swift; path = RemoteDataManagerProtocol.swift; sourceTree = "<group>"; };
		5B80F5912636A19300650A11 /* RemoteDataManagerImpl.swift */ = {isa = PBXFileReference; lastKnownFileType = sourcecode.swift; path = RemoteDataManagerImpl.swift; sourceTree = "<group>"; };
		5B80F5962636A5E300650A11 /* MainDataManager.swift */ = {isa = PBXFileReference; lastKnownFileType = sourcecode.swift; path = MainDataManager.swift; sourceTree = "<group>"; };
		5B80F5992636A61A00650A11 /* PhotoDataManagerProtocol.swift */ = {isa = PBXFileReference; lastKnownFileType = sourcecode.swift; path = PhotoDataManagerProtocol.swift; sourceTree = "<group>"; };
		5B80F59C2636A69300650A11 /* ImageDownloadService.swift */ = {isa = PBXFileReference; lastKnownFileType = sourcecode.swift; path = ImageDownloadService.swift; sourceTree = "<group>"; };
		5BDA2E2D26368D77009E6AD3 /* PhotosObjectDetection.app */ = {isa = PBXFileReference; explicitFileType = wrapper.application; includeInIndex = 0; path = PhotosObjectDetection.app; sourceTree = BUILT_PRODUCTS_DIR; };
		5BDA2E3026368D77009E6AD3 /* AppDelegate.swift */ = {isa = PBXFileReference; lastKnownFileType = sourcecode.swift; path = AppDelegate.swift; sourceTree = "<group>"; };
		5BDA2E3226368D77009E6AD3 /* SceneDelegate.swift */ = {isa = PBXFileReference; lastKnownFileType = sourcecode.swift; path = SceneDelegate.swift; sourceTree = "<group>"; };
		5BDA2E3426368D77009E6AD3 /* ViewController.swift */ = {isa = PBXFileReference; lastKnownFileType = sourcecode.swift; path = ViewController.swift; sourceTree = "<group>"; };
		5BDA2E3926368D79009E6AD3 /* Assets.xcassets */ = {isa = PBXFileReference; lastKnownFileType = folder.assetcatalog; path = Assets.xcassets; sourceTree = "<group>"; };
		5BDA2E3C26368D79009E6AD3 /* Base */ = {isa = PBXFileReference; lastKnownFileType = file.storyboard; name = Base; path = Base.lproj/LaunchScreen.storyboard; sourceTree = "<group>"; };
		5BDA2E3E26368D79009E6AD3 /* Info.plist */ = {isa = PBXFileReference; lastKnownFileType = text.plist.xml; path = Info.plist; sourceTree = "<group>"; };
		5BDA2E4C26368E3B009E6AD3 /* YOLOv3.mlkitmodel */ = {isa = PBXFileReference; lastKnownFileType = file.mlmodel; path = YOLOv3.mlkitmodel; sourceTree = "<group>"; };
/* End PBXFileReference section */

/* Begin PBXFrameworksBuildPhase section */
		5BDA2E2A26368D77009E6AD3 /* Frameworks */ = {
			isa = PBXFrameworksBuildPhase;
			buildActionMask = 2147483647;
			files = (
			);
			runOnlyForDeploymentPostprocessing = 0;
		};
/* End PBXFrameworksBuildPhase section */

/* Begin PBXGroup section */
		5B80F5662636958000650A11 /* NetworkLayer */ = {
			isa = PBXGroup;
			children = (
				5B80F5732636964900650A11 /* Services */,
				5B80F567263695A600650A11 /* Utils */,
				5B80F57826369A4B00650A11 /* ResquestModels */,
				5B80F57926369A6800650A11 /* ResponseModels */,
			);
			path = NetworkLayer;
			sourceTree = "<group>";
		};
		5B80F567263695A600650A11 /* Utils */ = {
			isa = PBXGroup;
			children = (
				5B80F568263695BA00650A11 /* APIMethods.swift */,
				5B80F56C263695C500650A11 /* APIPaths.swift */,
				5B80F56F263695D800650A11 /* APIRequest.swift */,
			);
			path = Utils;
			sourceTree = "<group>";
		};
		5B80F5732636964900650A11 /* Services */ = {
			isa = PBXGroup;
			children = (
				5B80F5742636965B00650A11 /* NetworkService.swift */,
				5B80F59C2636A69300650A11 /* ImageDownloadService.swift */,
			);
			path = Services;
			sourceTree = "<group>";
		};
		5B80F57826369A4B00650A11 /* ResquestModels */ = {
			isa = PBXGroup;
			children = (
				5B80F57A26369A9100650A11 /* PhotoListRequest.swift */,
			);
			path = ResquestModels;
			sourceTree = "<group>";
		};
		5B80F57926369A6800650A11 /* ResponseModels */ = {
			isa = PBXGroup;
			children = (
				5B80F57E26369AA200650A11 /* PhotoListResponse.swift */,
			);
			path = ResponseModels;
			sourceTree = "<group>";
		};
		5B80F58526369E8A00650A11 /* Models */ = {
			isa = PBXGroup;
			children = (
				5B80F58626369E9C00650A11 /* Photo.swift */,
				5B80F5992636A61A00650A11 /* PhotoDataManagerProtocol.swift */,
			);
			path = Models;
			sourceTree = "<group>";
		};
		5B80F58B2636A14700650A11 /* DataMangers */ = {
			isa = PBXGroup;
			children = (
				5B80F58C2636A15F00650A11 /* Remote */,
				5B80F5962636A5E300650A11 /* MainDataManager.swift */,
			);
			path = DataMangers;
			sourceTree = "<group>";
		};
		5B80F58C2636A15F00650A11 /* Remote */ = {
			isa = PBXGroup;
			children = (
				5B80F58D2636A17D00650A11 /* RemoteDataManagerProtocol.swift */,
				5B80F5912636A19300650A11 /* RemoteDataManagerImpl.swift */,
			);
			path = Remote;
			sourceTree = "<group>";
		};
		5BDA2E2426368D77009E6AD3 = {
			isa = PBXGroup;
			children = (
				5BDA2E2F26368D77009E6AD3 /* PhotosObjectDetection */,
				5BDA2E2E26368D77009E6AD3 /* Products */,
			);
			sourceTree = "<group>";
		};
		5BDA2E2E26368D77009E6AD3 /* Products */ = {
			isa = PBXGroup;
			children = (
				5BDA2E2D26368D77009E6AD3 /* PhotosObjectDetection.app */,
			);
			name = Products;
			sourceTree = "<group>";
		};
		5BDA2E2F26368D77009E6AD3 /* PhotosObjectDetection */ = {
			isa = PBXGroup;
			children = (
				5BDA2E4726368D93009E6AD3 /* App */,
				5BDA2E4B26368E21009E6AD3 /* MLMpdels */,
				5B80F5662636958000650A11 /* NetworkLayer */,
				5B80F58B2636A14700650A11 /* DataMangers */,
				5B80F58526369E8A00650A11 /* Models */,
				5BDA2E3426368D77009E6AD3 /* ViewController.swift */,
				5BDA2E3926368D79009E6AD3 /* Assets.xcassets */,
			);
			path = PhotosObjectDetection;
			sourceTree = "<group>";
		};
		5BDA2E4726368D93009E6AD3 /* App */ = {
			isa = PBXGroup;
			children = (
				5BDA2E3026368D77009E6AD3 /* AppDelegate.swift */,
				5BDA2E3226368D77009E6AD3 /* SceneDelegate.swift */,
				5BDA2E3E26368D79009E6AD3 /* Info.plist */,
				5BDA2E3B26368D79009E6AD3 /* LaunchScreen.storyboard */,
			);
			path = App;
			sourceTree = "<group>";
		};
		5BDA2E4B26368E21009E6AD3 /* MLMpdels */ = {
			isa = PBXGroup;
			children = (
				5BDA2E4C26368E3B009E6AD3 /* YOLOv3.mlkitmodel */,
			);
			path = MLMpdels;
			sourceTree = "<group>";
		};
/* End PBXGroup section */

/* Begin PBXNativeTarget section */
		5BDA2E2C26368D77009E6AD3 /* PhotosObjectDetection */ = {
			isa = PBXNativeTarget;
			buildConfigurationList = 5BDA2E4126368D79009E6AD3 /* Build configuration list for PBXNativeTarget "PhotosObjectDetection" */;
			buildPhases = (
				5BDA2E2926368D77009E6AD3 /* Sources */,
				5BDA2E2A26368D77009E6AD3 /* Frameworks */,
				5BDA2E2B26368D77009E6AD3 /* Resources */,
			);
			buildRules = (
			);
			dependencies = (
			);
			name = PhotosObjectDetection;
			productName = PhotosObjectDetection;
			productReference = 5BDA2E2D26368D77009E6AD3 /* PhotosObjectDetection.app */;
			productType = "com.apple.product-type.application";
		};
/* End PBXNativeTarget section */

/* Begin PBXProject section */
		5BDA2E2526368D77009E6AD3 /* Project object */ = {
			isa = PBXProject;
			attributes = {
				LastSwiftUpdateCheck = 1240;
				LastUpgradeCheck = 1240;
				TargetAttributes = {
					5BDA2E2C26368D77009E6AD3 = {
						CreatedOnToolsVersion = 12.4;
					};
				};
			};
			buildConfigurationList = 5BDA2E2826368D77009E6AD3 /* Build configuration list for PBXProject "PhotosObjectDetection" */;
			compatibilityVersion = "Xcode 9.3";
			developmentRegion = en;
			hasScannedForEncodings = 0;
			knownRegions = (
				en,
				Base,
			);
			mainGroup = 5BDA2E2426368D77009E6AD3;
			productRefGroup = 5BDA2E2E26368D77009E6AD3 /* Products */;
			projectDirPath = "";
			projectRoot = "";
			targets = (
				5BDA2E2C26368D77009E6AD3 /* PhotosObjectDetection */,
			);
		};
/* End PBXProject section */

/* Begin PBXResourcesBuildPhase section */
		5BDA2E2B26368D77009E6AD3 /* Resources */ = {
			isa = PBXResourcesBuildPhase;
			buildActionMask = 2147483647;
			files = (
				5BDA2E3D26368D79009E6AD3 /* LaunchScreen.storyboard in Resources */,
				5BDA2E3A26368D79009E6AD3 /* Assets.xcassets in Resources */,
			);
			runOnlyForDeploymentPostprocessing = 0;
		};
/* End PBXResourcesBuildPhase section */

/* Begin PBXSourcesBuildPhase section */
		5BDA2E2926368D77009E6AD3 /* Sources */ = {
			isa = PBXSourcesBuildPhase;
			buildActionMask = 2147483647;
			files = (
				5BDA2E3526368D77009E6AD3 /* ViewController.swift in Sources */,
				5B80F59D2636A69300650A11 /* ImageDownloadService.swift in Sources */,
				5B80F57F26369AA200650A11 /* PhotoListResponse.swift in Sources */,
				5B80F569263695BA00650A11 /* APIMethods.swift in Sources */,
				5B80F5752636965B00650A11 /* NetworkService.swift in Sources */,
				5BDA2E4D26368E3B009E6AD3 /* YOLOv3.mlkitmodel in Sources */,
				5B80F57B26369A9100650A11 /* PhotoListRequest.swift in Sources */,
				5B80F5972636A5E300650A11 /* MainDataManager.swift in Sources */,
				5BDA2E3126368D77009E6AD3 /* AppDelegate.swift in Sources */,
				5B80F5922636A19300650A11 /* RemoteDataManagerImpl.swift in Sources */,
				5B80F58726369E9C00650A11 /* Photo.swift in Sources */,
				5B80F570263695D800650A11 /* APIRequest.swift in Sources */,
				5B80F59A2636A61A00650A11 /* PhotoDataManagerProtocol.swift in Sources */,
				5B80F58E2636A17D00650A11 /* RemoteDataManagerProtocol.swift in Sources */,
				5BDA2E3326368D77009E6AD3 /* SceneDelegate.swift in Sources */,
				5B80F56D263695C500650A11 /* APIPaths.swift in Sources */,
			);
			runOnlyForDeploymentPostprocessing = 0;
		};
/* End PBXSourcesBuildPhase section */

/* Begin PBXVariantGroup section */
		5BDA2E3B26368D79009E6AD3 /* LaunchScreen.storyboard */ = {
			isa = PBXVariantGroup;
			children = (
				5BDA2E3C26368D79009E6AD3 /* Base */,
			);
			name = LaunchScreen.storyboard;
			sourceTree = "<group>";
		};
/* End PBXVariantGroup section */

/* Begin XCBuildConfiguration section */
		5BDA2E3F26368D79009E6AD3 /* Debug */ = {
			isa = XCBuildConfiguration;
			buildSettings = {
				ALWAYS_SEARCH_USER_PATHS = NO;
				CLANG_ANALYZER_NONNULL = YES;
				CLANG_ANALYZER_NUMBER_OBJECT_CONVERSION = YES_AGGRESSIVE;
				CLANG_CXX_LANGUAGE_STANDARD = "gnu++14";
				CLANG_CXX_LIBRARY = "libc++";
				CLANG_ENABLE_MODULES = YES;
				CLANG_ENABLE_OBJC_ARC = YES;
				CLANG_ENABLE_OBJC_WEAK = YES;
				CLANG_WARN_BLOCK_CAPTURE_AUTORELEASING = YES;
				CLANG_WARN_BOOL_CONVERSION = YES;
				CLANG_WARN_COMMA = YES;
				CLANG_WARN_CONSTANT_CONVERSION = YES;
				CLANG_WARN_DEPRECATED_OBJC_IMPLEMENTATIONS = YES;
				CLANG_WARN_DIRECT_OBJC_ISA_USAGE = YES_ERROR;
				CLANG_WARN_DOCUMENTATION_COMMENTS = YES;
				CLANG_WARN_EMPTY_BODY = YES;
				CLANG_WARN_ENUM_CONVERSION = YES;
				CLANG_WARN_INFINITE_RECURSION = YES;
				CLANG_WARN_INT_CONVERSION = YES;
				CLANG_WARN_NON_LITERAL_NULL_CONVERSION = YES;
				CLANG_WARN_OBJC_IMPLICIT_RETAIN_SELF = YES;
				CLANG_WARN_OBJC_LITERAL_CONVERSION = YES;
				CLANG_WARN_OBJC_ROOT_CLASS = YES_ERROR;
				CLANG_WARN_QUOTED_INCLUDE_IN_FRAMEWORK_HEADER = YES;
				CLANG_WARN_RANGE_LOOP_ANALYSIS = YES;
				CLANG_WARN_STRICT_PROTOTYPES = YES;
				CLANG_WARN_SUSPICIOUS_MOVE = YES;
				CLANG_WARN_UNGUARDED_AVAILABILITY = YES_AGGRESSIVE;
				CLANG_WARN_UNREACHABLE_CODE = YES;
				CLANG_WARN__DUPLICATE_METHOD_MATCH = YES;
				COPY_PHASE_STRIP = NO;
				DEBUG_INFORMATION_FORMAT = dwarf;
				ENABLE_STRICT_OBJC_MSGSEND = YES;
				ENABLE_TESTABILITY = YES;
				GCC_C_LANGUAGE_STANDARD = gnu11;
				GCC_DYNAMIC_NO_PIC = NO;
				GCC_NO_COMMON_BLOCKS = YES;
				GCC_OPTIMIZATION_LEVEL = 0;
				GCC_PREPROCESSOR_DEFINITIONS = (
					"DEBUG=1",
					"$(inherited)",
				);
				GCC_WARN_64_TO_32_BIT_CONVERSION = YES;
				GCC_WARN_ABOUT_RETURN_TYPE = YES_ERROR;
				GCC_WARN_UNDECLARED_SELECTOR = YES;
				GCC_WARN_UNINITIALIZED_AUTOS = YES_AGGRESSIVE;
				GCC_WARN_UNUSED_FUNCTION = YES;
				GCC_WARN_UNUSED_VARIABLE = YES;
				IPHONEOS_DEPLOYMENT_TARGET = 13.0;
				MTL_ENABLE_DEBUG_INFO = INCLUDE_SOURCE;
				MTL_FAST_MATH = YES;
				ONLY_ACTIVE_ARCH = YES;
				SDKROOT = iphoneos;
				SWIFT_ACTIVE_COMPILATION_CONDITIONS = DEBUG;
				SWIFT_OPTIMIZATION_LEVEL = "-Onone";
			};
			name = Debug;
		};
		5BDA2E4026368D79009E6AD3 /* Release */ = {
			isa = XCBuildConfiguration;
			buildSettings = {
				ALWAYS_SEARCH_USER_PATHS = NO;
				CLANG_ANALYZER_NONNULL = YES;
				CLANG_ANALYZER_NUMBER_OBJECT_CONVERSION = YES_AGGRESSIVE;
				CLANG_CXX_LANGUAGE_STANDARD = "gnu++14";
				CLANG_CXX_LIBRARY = "libc++";
				CLANG_ENABLE_MODULES = YES;
				CLANG_ENABLE_OBJC_ARC = YES;
				CLANG_ENABLE_OBJC_WEAK = YES;
				CLANG_WARN_BLOCK_CAPTURE_AUTORELEASING = YES;
				CLANG_WARN_BOOL_CONVERSION = YES;
				CLANG_WARN_COMMA = YES;
				CLANG_WARN_CONSTANT_CONVERSION = YES;
				CLANG_WARN_DEPRECATED_OBJC_IMPLEMENTATIONS = YES;
				CLANG_WARN_DIRECT_OBJC_ISA_USAGE = YES_ERROR;
				CLANG_WARN_DOCUMENTATION_COMMENTS = YES;
				CLANG_WARN_EMPTY_BODY = YES;
				CLANG_WARN_ENUM_CONVERSION = YES;
				CLANG_WARN_INFINITE_RECURSION = YES;
				CLANG_WARN_INT_CONVERSION = YES;
				CLANG_WARN_NON_LITERAL_NULL_CONVERSION = YES;
				CLANG_WARN_OBJC_IMPLICIT_RETAIN_SELF = YES;
				CLANG_WARN_OBJC_LITERAL_CONVERSION = YES;
				CLANG_WARN_OBJC_ROOT_CLASS = YES_ERROR;
				CLANG_WARN_QUOTED_INCLUDE_IN_FRAMEWORK_HEADER = YES;
				CLANG_WARN_RANGE_LOOP_ANALYSIS = YES;
				CLANG_WARN_STRICT_PROTOTYPES = YES;
				CLANG_WARN_SUSPICIOUS_MOVE = YES;
				CLANG_WARN_UNGUARDED_AVAILABILITY = YES_AGGRESSIVE;
				CLANG_WARN_UNREACHABLE_CODE = YES;
				CLANG_WARN__DUPLICATE_METHOD_MATCH = YES;
				COPY_PHASE_STRIP = NO;
				DEBUG_INFORMATION_FORMAT = "dwarf-with-dsym";
				ENABLE_NS_ASSERTIONS = NO;
				ENABLE_STRICT_OBJC_MSGSEND = YES;
				GCC_C_LANGUAGE_STANDARD = gnu11;
				GCC_NO_COMMON_BLOCKS = YES;
				GCC_WARN_64_TO_32_BIT_CONVERSION = YES;
				GCC_WARN_ABOUT_RETURN_TYPE = YES_ERROR;
				GCC_WARN_UNDECLARED_SELECTOR = YES;
				GCC_WARN_UNINITIALIZED_AUTOS = YES_AGGRESSIVE;
				GCC_WARN_UNUSED_FUNCTION = YES;
				GCC_WARN_UNUSED_VARIABLE = YES;
				IPHONEOS_DEPLOYMENT_TARGET = 13.0;
				MTL_ENABLE_DEBUG_INFO = NO;
				MTL_FAST_MATH = YES;
				SDKROOT = iphoneos;
				SWIFT_COMPILATION_MODE = wholemodule;
				SWIFT_OPTIMIZATION_LEVEL = "-O";
				VALIDATE_PRODUCT = YES;
			};
			name = Release;
		};
		5BDA2E4226368D79009E6AD3 /* Debug */ = {
			isa = XCBuildConfiguration;
			buildSettings = {
				ASSETCATALOG_COMPILER_APPICON_NAME = AppIcon;
				ASSETCATALOG_COMPILER_GLOBAL_ACCENT_COLOR_NAME = AccentColor;
				CODE_SIGN_STYLE = Automatic;
				DEVELOPMENT_TEAM = 2Q7F87669V;
				INFOPLIST_FILE = PhotosObjectDetection/App/Info.plist;
				LD_RUNPATH_SEARCH_PATHS = (
					"$(inherited)",
					"@executable_path/Frameworks",
				);
				PRODUCT_BUNDLE_IDENTIFIER = by.rodri.PhotosObjectDetection;
				PRODUCT_NAME = "$(TARGET_NAME)";
				SWIFT_VERSION = 5.0;
				TARGETED_DEVICE_FAMILY = 1;
			};
			name = Debug;
		};
		5BDA2E4326368D79009E6AD3 /* Release */ = {
			isa = XCBuildConfiguration;
			buildSettings = {
				ASSETCATALOG_COMPILER_APPICON_NAME = AppIcon;
				ASSETCATALOG_COMPILER_GLOBAL_ACCENT_COLOR_NAME = AccentColor;
				CODE_SIGN_STYLE = Automatic;
				DEVELOPMENT_TEAM = 2Q7F87669V;
				INFOPLIST_FILE = PhotosObjectDetection/App/Info.plist;
				LD_RUNPATH_SEARCH_PATHS = (
					"$(inherited)",
					"@executable_path/Frameworks",
				);
				PRODUCT_BUNDLE_IDENTIFIER = by.rodri.PhotosObjectDetection;
				PRODUCT_NAME = "$(TARGET_NAME)";
				SWIFT_VERSION = 5.0;
				TARGETED_DEVICE_FAMILY = 1;
			};
			name = Release;
		};
/* End XCBuildConfiguration section */

/* Begin XCConfigurationList section */
		5BDA2E2826368D77009E6AD3 /* Build configuration list for PBXProject "PhotosObjectDetection" */ = {
			isa = XCConfigurationList;
			buildConfigurations = (
				5BDA2E3F26368D79009E6AD3 /* Debug */,
				5BDA2E4026368D79009E6AD3 /* Release */,
			);
			defaultConfigurationIsVisible = 0;
			defaultConfigurationName = Release;
		};
		5BDA2E4126368D79009E6AD3 /* Build configuration list for PBXNativeTarget "PhotosObjectDetection" */ = {
			isa = XCConfigurationList;
			buildConfigurations = (
				5BDA2E4226368D79009E6AD3 /* Debug */,
				5BDA2E4326368D79009E6AD3 /* Release */,
			);
			defaultConfigurationIsVisible = 0;
			defaultConfigurationName = Release;
		};
/* End XCConfigurationList section */
	};
	rootObject = 5BDA2E2526368D77009E6AD3 /* Project object */;
}
